
Microsoft Visual Studio Solution File, Format Version 12.00
# Visual Studio Version 17
VisualStudioVersion = 17.14.36414.22 d17.14
MinimumVisualStudioVersion = 10.0.40219.1
Project("{FAE04EC0-301F-11D3-BF4B-00C04F79EFBC}") = "WhiteLagoon.WebApi", "WhiteLagoon.WebApi\WhiteLagoon.WebApi.csproj", "{C2A45306-38A0-47B5-969F-B6CD57B9CF04}"
EndProject
Project("{FAE04EC0-301F-11D3-BF4B-00C04F79EFBC}") = "WhiteLagoon.Domain", "WhiteLagoon.Domain\WhiteLagoon.Domain.csproj", "{58A7F2A8-F532-455E-AAA8-BCB4A4332202}"
EndProject
Project("{FAE04EC0-301F-11D3-BF4B-00C04F79EFBC}") = "WhiteLagoon.Application", "WhiteLagoon.Application\WhiteLagoon.Application.csproj", "{97618398-53C1-4C11-9222-BC43BCADA860}"
EndProject
Project("{FAE04EC0-301F-11D3-BF4B-00C04F79EFBC}") = "WhiteLagoon.Infrastructure", "WhiteLagoon.Infrastructure\WhiteLagoon.Infrastructure.csproj", "{A681CD42-6282-4CA4-8774-C3325BC54E69}"
EndProject
Global
	GlobalSection(SolutionConfigurationPlatforms) = preSolution
		Debug|Any CPU = Debug|Any CPU
		Release|Any CPU = Release|Any CPU
	EndGlobalSection
	GlobalSection(ProjectConfigurationPlatforms) = postSolution
		{C2A45306-38A0-47B5-969F-B6CD57B9CF04}.Debug|Any CPU.ActiveCfg = Debug|Any CPU
		{C2A45306-38A0-47B5-969F-B6CD57B9CF04}.Debug|Any CPU.Build.0 = Debug|Any CPU
		{C2A45306-38A0-47B5-969F-B6CD57B9CF04}.Release|Any CPU.ActiveCfg = Release|Any CPU
		{C2A45306-38A0-47B5-969F-B6CD57B9CF04}.Release|Any CPU.Build.0 = Release|Any CPU
		{58A7F2A8-F532-455E-AAA8-BCB4A4332202}.Debug|Any CPU.ActiveCfg = Debug|Any CPU
		{58A7F2A8-F532-455E-AAA8-BCB4A4332202}.Debug|Any CPU.Build.0 = Debug|Any CPU
		{58A7F2A8-F532-455E-AAA8-BCB4A4332202}.Release|Any CPU.ActiveCfg = Release|Any CPU
		{58A7F2A8-F532-455E-AAA8-BCB4A4332202}.Release|Any CPU.Build.0 = Release|Any CPU
		{97618398-53C1-4C11-9222-BC43BCADA860}.Debug|Any CPU.ActiveCfg = Debug|Any CPU
		{97618398-53C1-4C11-9222-BC43BCADA860}.Debug|Any CPU.Build.0 = Debug|Any CPU
		{97618398-53C1-4C11-9222-BC43BCADA860}.Release|Any CPU.ActiveCfg = Release|Any CPU
		{97618398-53C1-4C11-9222-BC43BCADA860}.Release|Any CPU.Build.0 = Release|Any CPU
		{A681CD42-6282-4CA4-8774-C3325BC54E69}.Debug|Any CPU.ActiveCfg = Debug|Any CPU
		{A681CD42-6282-4CA4-8774-C3325BC54E69}.Debug|Any CPU.Build.0 = Debug|Any CPU
		{A681CD42-6282-4CA4-8774-C3325BC54E69}.Release|Any CPU.ActiveCfg = Release|Any CPU
		{A681CD42-6282-4CA4-8774-C3325BC54E69}.Release|Any CPU.Build.0 = Release|Any CPU
	EndGlobalSection
	GlobalSection(SolutionProperties) = preSolution
		HideSolutionNode = FALSE
	EndGlobalSection
	GlobalSection(ExtensibilityGlobals) = postSolution
		SolutionGuid = {32576806-E9CB-4058-847C-EC6DF3445AAE}
	EndGlobalSection
EndGlobal
